// !$*UTF8*$!
{
	archiveVersion = 1;
	classes = {
	};
	objectVersion = 51;
	objects = {

/* Begin PBXBuildFile section */
		039141482367DE4100CA399D /* NasaMediaTableViewCell.swift in Sources */ = {isa = PBXBuildFile; fileRef = 039141472367DE4100CA399D /* NasaMediaTableViewCell.swift */; };
		03914153236D5B0400CA399D /* StandardErrorView.xib in Resources */ = {isa = PBXBuildFile; fileRef = 0391414C236D5B0400CA399D /* StandardErrorView.xib */; };
		03914154236D5B0400CA399D /* StandardErrorView.swift in Sources */ = {isa = PBXBuildFile; fileRef = 0391414D236D5B0400CA399D /* StandardErrorView.swift */; };
		03914155236D5B0400CA399D /* StandardLoadingView.xib in Resources */ = {isa = PBXBuildFile; fileRef = 0391414E236D5B0400CA399D /* StandardLoadingView.xib */; };
		03914156236D5B0400CA399D /* StandardEmptyView.xib in Resources */ = {isa = PBXBuildFile; fileRef = 0391414F236D5B0400CA399D /* StandardEmptyView.xib */; };
		03914157236D5B0400CA399D /* LoadingView.swift in Sources */ = {isa = PBXBuildFile; fileRef = 03914150236D5B0400CA399D /* LoadingView.swift */; };
		03914158236D5B0400CA399D /* StandardLoadingView.swift in Sources */ = {isa = PBXBuildFile; fileRef = 03914151236D5B0400CA399D /* StandardLoadingView.swift */; };
		03914159236D5B0400CA399D /* StandardEmptyView.swift in Sources */ = {isa = PBXBuildFile; fileRef = 03914152236D5B0400CA399D /* StandardEmptyView.swift */; };
		03CF352C2364CB2D00618A54 /* AppDelegate.swift in Sources */ = {isa = PBXBuildFile; fileRef = 03CF352B2364CB2D00618A54 /* AppDelegate.swift */; };
		03CF352E2364CB2D00618A54 /* SceneDelegate.swift in Sources */ = {isa = PBXBuildFile; fileRef = 03CF352D2364CB2D00618A54 /* SceneDelegate.swift */; };
		03CF35302364CB2D00618A54 /* ViewController.swift in Sources */ = {isa = PBXBuildFile; fileRef = 03CF352F2364CB2D00618A54 /* ViewController.swift */; };
		03CF35332364CB2D00618A54 /* Main.storyboard in Resources */ = {isa = PBXBuildFile; fileRef = 03CF35312364CB2D00618A54 /* Main.storyboard */; };
		03CF35352364CB2F00618A54 /* Assets.xcassets in Resources */ = {isa = PBXBuildFile; fileRef = 03CF35342364CB2F00618A54 /* Assets.xcassets */; };
		03CF35382364CB2F00618A54 /* LaunchScreen.storyboard in Resources */ = {isa = PBXBuildFile; fileRef = 03CF35362364CB2F00618A54 /* LaunchScreen.storyboard */; };
		03CF35432364CB2F00618A54 /* NasaImageBrowserTests.swift in Sources */ = {isa = PBXBuildFile; fileRef = 03CF35422364CB2F00618A54 /* NasaImageBrowserTests.swift */; };
		03CF354E2364CB4D00618A54 /* NasaMediaService.swift in Sources */ = {isa = PBXBuildFile; fileRef = 03CF354D2364CB4D00618A54 /* NasaMediaService.swift */; };
		03CF35502364CD5600618A54 /* NasaMediaCollection.swift in Sources */ = {isa = PBXBuildFile; fileRef = 03CF354F2364CD5600618A54 /* NasaMediaCollection.swift */; };
		236714C7B78841940D009EAD /* Pods_NasaImageBrowserTests.framework in Frameworks */ = {isa = PBXBuildFile; fileRef = 1EF621BE8D9B90255E007EFA /* Pods_NasaImageBrowserTests.framework */; };
		A2A17C294E5352C0AE7E5777 /* Pods_NasaImageBrowser.framework in Frameworks */ = {isa = PBXBuildFile; fileRef = 69A7A9F5928A8E332B7045D4 /* Pods_NasaImageBrowser.framework */; };
/* End PBXBuildFile section */

/* Begin PBXContainerItemProxy section */
		03CF353F2364CB2F00618A54 /* PBXContainerItemProxy */ = {
			isa = PBXContainerItemProxy;
			containerPortal = 03CF35202364CB2D00618A54 /* Project object */;
			proxyType = 1;
			remoteGlobalIDString = 03CF35272364CB2D00618A54;
			remoteInfo = NasaImageBrowser;
		};
/* End PBXContainerItemProxy section */

/* Begin PBXFileReference section */
		039141472367DE4100CA399D /* NasaMediaTableViewCell.swift */ = {isa = PBXFileReference; lastKnownFileType = sourcecode.swift; path = NasaMediaTableViewCell.swift; sourceTree = "<group>"; };
		0391414C236D5B0400CA399D /* StandardErrorView.xib */ = {isa = PBXFileReference; fileEncoding = 4; lastKnownFileType = file.xib; name = StandardErrorView.xib; path = NasaImageBrowser/Loading/StandardErrorView.xib; sourceTree = SOURCE_ROOT; };
		0391414D236D5B0400CA399D /* StandardErrorView.swift */ = {isa = PBXFileReference; fileEncoding = 4; lastKnownFileType = sourcecode.swift; name = StandardErrorView.swift; path = NasaImageBrowser/Loading/StandardErrorView.swift; sourceTree = SOURCE_ROOT; };
		0391414E236D5B0400CA399D /* StandardLoadingView.xib */ = {isa = PBXFileReference; fileEncoding = 4; lastKnownFileType = file.xib; name = StandardLoadingView.xib; path = NasaImageBrowser/Loading/StandardLoadingView.xib; sourceTree = SOURCE_ROOT; };
		0391414F236D5B0400CA399D /* StandardEmptyView.xib */ = {isa = PBXFileReference; fileEncoding = 4; lastKnownFileType = file.xib; name = StandardEmptyView.xib; path = NasaImageBrowser/Loading/StandardEmptyView.xib; sourceTree = SOURCE_ROOT; };
		03914150236D5B0400CA399D /* LoadingView.swift */ = {isa = PBXFileReference; fileEncoding = 4; lastKnownFileType = sourcecode.swift; name = LoadingView.swift; path = NasaImageBrowser/Loading/LoadingView.swift; sourceTree = SOURCE_ROOT; };
		03914151236D5B0400CA399D /* StandardLoadingView.swift */ = {isa = PBXFileReference; fileEncoding = 4; lastKnownFileType = sourcecode.swift; name = StandardLoadingView.swift; path = NasaImageBrowser/Loading/StandardLoadingView.swift; sourceTree = SOURCE_ROOT; };
		03914152236D5B0400CA399D /* StandardEmptyView.swift */ = {isa = PBXFileReference; fileEncoding = 4; lastKnownFileType = sourcecode.swift; name = StandardEmptyView.swift; path = NasaImageBrowser/Loading/StandardEmptyView.swift; sourceTree = SOURCE_ROOT; };
		03CF35282364CB2D00618A54 /* NasaImageBrowser.app */ = {isa = PBXFileReference; explicitFileType = wrapper.application; includeInIndex = 0; path = NasaImageBrowser.app; sourceTree = BUILT_PRODUCTS_DIR; };
		03CF352B2364CB2D00618A54 /* AppDelegate.swift */ = {isa = PBXFileReference; lastKnownFileType = sourcecode.swift; path = AppDelegate.swift; sourceTree = "<group>"; };
		03CF352D2364CB2D00618A54 /* SceneDelegate.swift */ = {isa = PBXFileReference; lastKnownFileType = sourcecode.swift; path = SceneDelegate.swift; sourceTree = "<group>"; };
		03CF352F2364CB2D00618A54 /* ViewController.swift */ = {isa = PBXFileReference; lastKnownFileType = sourcecode.swift; path = ViewController.swift; sourceTree = "<group>"; };
		03CF35322364CB2D00618A54 /* Base */ = {isa = PBXFileReference; lastKnownFileType = file.storyboard; name = Base; path = Base.lproj/Main.storyboard; sourceTree = "<group>"; };
		03CF35342364CB2F00618A54 /* Assets.xcassets */ = {isa = PBXFileReference; lastKnownFileType = folder.assetcatalog; path = Assets.xcassets; sourceTree = "<group>"; };
		03CF35372364CB2F00618A54 /* Base */ = {isa = PBXFileReference; lastKnownFileType = file.storyboard; name = Base; path = Base.lproj/LaunchScreen.storyboard; sourceTree = "<group>"; };
		03CF35392364CB2F00618A54 /* Info.plist */ = {isa = PBXFileReference; lastKnownFileType = text.plist.xml; path = Info.plist; sourceTree = "<group>"; };
		03CF353E2364CB2F00618A54 /* NasaImageBrowserTests.xctest */ = {isa = PBXFileReference; explicitFileType = wrapper.cfbundle; includeInIndex = 0; path = NasaImageBrowserTests.xctest; sourceTree = BUILT_PRODUCTS_DIR; };
		03CF35422364CB2F00618A54 /* NasaImageBrowserTests.swift */ = {isa = PBXFileReference; lastKnownFileType = sourcecode.swift; path = NasaImageBrowserTests.swift; sourceTree = "<group>"; };
		03CF35442364CB2F00618A54 /* Info.plist */ = {isa = PBXFileReference; lastKnownFileType = text.plist.xml; path = Info.plist; sourceTree = "<group>"; };
		03CF354D2364CB4D00618A54 /* NasaMediaService.swift */ = {isa = PBXFileReference; lastKnownFileType = sourcecode.swift; path = NasaMediaService.swift; sourceTree = "<group>"; };
		03CF354F2364CD5600618A54 /* NasaMediaCollection.swift */ = {isa = PBXFileReference; lastKnownFileType = sourcecode.swift; path = NasaMediaCollection.swift; sourceTree = "<group>"; };
		1EF621BE8D9B90255E007EFA /* Pods_NasaImageBrowserTests.framework */ = {isa = PBXFileReference; explicitFileType = wrapper.framework; includeInIndex = 0; path = Pods_NasaImageBrowserTests.framework; sourceTree = BUILT_PRODUCTS_DIR; };
		69A7A9F5928A8E332B7045D4 /* Pods_NasaImageBrowser.framework */ = {isa = PBXFileReference; explicitFileType = wrapper.framework; includeInIndex = 0; path = Pods_NasaImageBrowser.framework; sourceTree = BUILT_PRODUCTS_DIR; };
		A11DA4B8F0FB5A91337B1AC4 /* Pods-NasaImageBrowser.release.xcconfig */ = {isa = PBXFileReference; includeInIndex = 1; lastKnownFileType = text.xcconfig; name = "Pods-NasaImageBrowser.release.xcconfig"; path = "Target Support Files/Pods-NasaImageBrowser/Pods-NasaImageBrowser.release.xcconfig"; sourceTree = "<group>"; };
		DCF3C48E63CC0915D000544A /* Pods-NasaImageBrowserTests.release.xcconfig */ = {isa = PBXFileReference; includeInIndex = 1; lastKnownFileType = text.xcconfig; name = "Pods-NasaImageBrowserTests.release.xcconfig"; path = "Target Support Files/Pods-NasaImageBrowserTests/Pods-NasaImageBrowserTests.release.xcconfig"; sourceTree = "<group>"; };
		E50F3F1FD45EBAF77F1D2338 /* Pods-NasaImageBrowserTests.debug.xcconfig */ = {isa = PBXFileReference; includeInIndex = 1; lastKnownFileType = text.xcconfig; name = "Pods-NasaImageBrowserTests.debug.xcconfig"; path = "Target Support Files/Pods-NasaImageBrowserTests/Pods-NasaImageBrowserTests.debug.xcconfig"; sourceTree = "<group>"; };
		E750447084A8F0F7913599C9 /* Pods-NasaImageBrowser.debug.xcconfig */ = {isa = PBXFileReference; includeInIndex = 1; lastKnownFileType = text.xcconfig; name = "Pods-NasaImageBrowser.debug.xcconfig"; path = "Target Support Files/Pods-NasaImageBrowser/Pods-NasaImageBrowser.debug.xcconfig"; sourceTree = "<group>"; };
/* End PBXFileReference section */

/* Begin PBXFrameworksBuildPhase section */
		03CF35252364CB2D00618A54 /* Frameworks */ = {
			isa = PBXFrameworksBuildPhase;
			buildActionMask = 2147483647;
			files = (
				A2A17C294E5352C0AE7E5777 /* Pods_NasaImageBrowser.framework in Frameworks */,
			);
			runOnlyForDeploymentPostprocessing = 0;
		};
		03CF353B2364CB2F00618A54 /* Frameworks */ = {
			isa = PBXFrameworksBuildPhase;
			buildActionMask = 2147483647;
			files = (
				236714C7B78841940D009EAD /* Pods_NasaImageBrowserTests.framework in Frameworks */,
			);
			runOnlyForDeploymentPostprocessing = 0;
		};
/* End PBXFrameworksBuildPhase section */

/* Begin PBXGroup section */
		0391414B236D5AF700CA399D /* New Group */ = {
			isa = PBXGroup;
			children = (
				03914150236D5B0400CA399D /* LoadingView.swift */,
				03914152236D5B0400CA399D /* StandardEmptyView.swift */,
				0391414F236D5B0400CA399D /* StandardEmptyView.xib */,
				0391414D236D5B0400CA399D /* StandardErrorView.swift */,
				0391414C236D5B0400CA399D /* StandardErrorView.xib */,
				03914151236D5B0400CA399D /* StandardLoadingView.swift */,
				0391414E236D5B0400CA399D /* StandardLoadingView.xib */,
			);
			path = "New Group";
			sourceTree = "<group>";
		};
		03CF351F2364CB2D00618A54 = {
			isa = PBXGroup;
			children = (
				03CF352A2364CB2D00618A54 /* NasaImageBrowser */,
				03CF35412364CB2F00618A54 /* NasaImageBrowserTests */,
				03CF35292364CB2D00618A54 /* Products */,
				C5440B2287DA998BBF1F91A9 /* Pods */,
				6371BA9BDE137DC1D82F937D /* Frameworks */,
			);
			sourceTree = "<group>";
		};
		03CF35292364CB2D00618A54 /* Products */ = {
			isa = PBXGroup;
			children = (
				03CF35282364CB2D00618A54 /* NasaImageBrowser.app */,
				03CF353E2364CB2F00618A54 /* NasaImageBrowserTests.xctest */,
			);
			name = Products;
			sourceTree = "<group>";
		};
		03CF352A2364CB2D00618A54 /* NasaImageBrowser */ = {
			isa = PBXGroup;
			children = (
				0391414B236D5AF700CA399D /* New Group */,
				03CF352B2364CB2D00618A54 /* AppDelegate.swift */,
				03CF352D2364CB2D00618A54 /* SceneDelegate.swift */,
				03CF352F2364CB2D00618A54 /* ViewController.swift */,
				03CF354D2364CB4D00618A54 /* NasaMediaService.swift */,
				03CF354F2364CD5600618A54 /* NasaMediaCollection.swift */,
				039141472367DE4100CA399D /* NasaMediaTableViewCell.swift */,
				03CF35312364CB2D00618A54 /* Main.storyboard */,
				03CF35342364CB2F00618A54 /* Assets.xcassets */,
				03CF35362364CB2F00618A54 /* LaunchScreen.storyboard */,
				03CF35392364CB2F00618A54 /* Info.plist */,
			);
			path = NasaImageBrowser;
			sourceTree = "<group>";
		};
		03CF35412364CB2F00618A54 /* NasaImageBrowserTests */ = {
			isa = PBXGroup;
			children = (
				03CF35422364CB2F00618A54 /* NasaImageBrowserTests.swift */,
				03CF35442364CB2F00618A54 /* Info.plist */,
			);
			path = NasaImageBrowserTests;
			sourceTree = "<group>";
		};
		6371BA9BDE137DC1D82F937D /* Frameworks */ = {
			isa = PBXGroup;
			children = (
				69A7A9F5928A8E332B7045D4 /* Pods_NasaImageBrowser.framework */,
				1EF621BE8D9B90255E007EFA /* Pods_NasaImageBrowserTests.framework */,
			);
			name = Frameworks;
			sourceTree = "<group>";
		};
		C5440B2287DA998BBF1F91A9 /* Pods */ = {
			isa = PBXGroup;
			children = (
				E750447084A8F0F7913599C9 /* Pods-NasaImageBrowser.debug.xcconfig */,
				A11DA4B8F0FB5A91337B1AC4 /* Pods-NasaImageBrowser.release.xcconfig */,
				E50F3F1FD45EBAF77F1D2338 /* Pods-NasaImageBrowserTests.debug.xcconfig */,
				DCF3C48E63CC0915D000544A /* Pods-NasaImageBrowserTests.release.xcconfig */,
			);
			path = Pods;
			sourceTree = "<group>";
		};
/* End PBXGroup section */

/* Begin PBXNativeTarget section */
		03CF35272364CB2D00618A54 /* NasaImageBrowser */ = {
			isa = PBXNativeTarget;
			buildConfigurationList = 03CF35472364CB2F00618A54 /* Build configuration list for PBXNativeTarget "NasaImageBrowser" */;
			buildPhases = (
				1FE6997837DD504D9FE69032 /* [CP] Check Pods Manifest.lock */,
				03CF35242364CB2D00618A54 /* Sources */,
				03CF35252364CB2D00618A54 /* Frameworks */,
				03CF35262364CB2D00618A54 /* Resources */,
				172A50A7D7AB4D4EA6A546BB /* [CP] Embed Pods Frameworks */,
			);
			buildRules = (
			);
			dependencies = (
			);
			name = NasaImageBrowser;
			productName = NasaImageBrowser;
			productReference = 03CF35282364CB2D00618A54 /* NasaImageBrowser.app */;
			productType = "com.apple.product-type.application";
		};
		03CF353D2364CB2F00618A54 /* NasaImageBrowserTests */ = {
			isa = PBXNativeTarget;
			buildConfigurationList = 03CF354A2364CB2F00618A54 /* Build configuration list for PBXNativeTarget "NasaImageBrowserTests" */;
			buildPhases = (
				4A7939B0DC32AA5D473DBE45 /* [CP] Check Pods Manifest.lock */,
				03CF353A2364CB2F00618A54 /* Sources */,
				03CF353B2364CB2F00618A54 /* Frameworks */,
				03CF353C2364CB2F00618A54 /* Resources */,
			);
			buildRules = (
			);
			dependencies = (
				03CF35402364CB2F00618A54 /* PBXTargetDependency */,
			);
			name = NasaImageBrowserTests;
			productName = NasaImageBrowserTests;
			productReference = 03CF353E2364CB2F00618A54 /* NasaImageBrowserTests.xctest */;
			productType = "com.apple.product-type.bundle.unit-test";
		};
/* End PBXNativeTarget section */

/* Begin PBXProject section */
		03CF35202364CB2D00618A54 /* Project object */ = {
			isa = PBXProject;
			attributes = {
				LastSwiftUpdateCheck = 1120;
				LastUpgradeCheck = 1120;
				ORGANIZATIONNAME = com.josh;
				TargetAttributes = {
					03CF35272364CB2D00618A54 = {
						CreatedOnToolsVersion = 11.2;
					};
					03CF353D2364CB2F00618A54 = {
						CreatedOnToolsVersion = 11.2;
						TestTargetID = 03CF35272364CB2D00618A54;
					};
				};
			};
			buildConfigurationList = 03CF35232364CB2D00618A54 /* Build configuration list for PBXProject "NasaImageBrowser" */;
			compatibilityVersion = "Xcode 9.3";
			developmentRegion = en;
			hasScannedForEncodings = 0;
			knownRegions = (
				en,
				Base,
			);
			mainGroup = 03CF351F2364CB2D00618A54;
			productRefGroup = 03CF35292364CB2D00618A54 /* Products */;
			projectDirPath = "";
			projectRoot = "";
			targets = (
				03CF35272364CB2D00618A54 /* NasaImageBrowser */,
				03CF353D2364CB2F00618A54 /* NasaImageBrowserTests */,
			);
		};
/* End PBXProject section */

/* Begin PBXResourcesBuildPhase section */
		03CF35262364CB2D00618A54 /* Resources */ = {
			isa = PBXResourcesBuildPhase;
			buildActionMask = 2147483647;
			files = (
				03914153236D5B0400CA399D /* StandardErrorView.xib in Resources */,
				03CF35382364CB2F00618A54 /* LaunchScreen.storyboard in Resources */,
				03CF35352364CB2F00618A54 /* Assets.xcassets in Resources */,
				03914155236D5B0400CA399D /* StandardLoadingView.xib in Resources */,
				03CF35332364CB2D00618A54 /* Main.storyboard in Resources */,
				03914156236D5B0400CA399D /* StandardEmptyView.xib in Resources */,
			);
			runOnlyForDeploymentPostprocessing = 0;
		};
		03CF353C2364CB2F00618A54 /* Resources */ = {
			isa = PBXResourcesBuildPhase;
			buildActionMask = 2147483647;
			files = (
			);
			runOnlyForDeploymentPostprocessing = 0;
		};
/* End PBXResourcesBuildPhase section */

/* Begin PBXShellScriptBuildPhase section */
		172A50A7D7AB4D4EA6A546BB /* [CP] Embed Pods Frameworks */ = {
			isa = PBXShellScriptBuildPhase;
			buildActionMask = 2147483647;
			files = (
			);
			inputFileListPaths = (
				"${PODS_ROOT}/Target Support Files/Pods-NasaImageBrowser/Pods-NasaImageBrowser-frameworks-${CONFIGURATION}-input-files.xcfilelist",
			);
			name = "[CP] Embed Pods Frameworks";
			outputFileListPaths = (
				"${PODS_ROOT}/Target Support Files/Pods-NasaImageBrowser/Pods-NasaImageBrowser-frameworks-${CONFIGURATION}-output-files.xcfilelist",
			);
			runOnlyForDeploymentPostprocessing = 0;
			shellPath = /bin/sh;
			shellScript = "\"${PODS_ROOT}/Target Support Files/Pods-NasaImageBrowser/Pods-NasaImageBrowser-frameworks.sh\"\n";
			showEnvVarsInLog = 0;
		};
		1FE6997837DD504D9FE69032 /* [CP] Check Pods Manifest.lock */ = {
			isa = PBXShellScriptBuildPhase;
			buildActionMask = 2147483647;
			files = (
			);
			inputFileListPaths = (
			);
			inputPaths = (
				"${PODS_PODFILE_DIR_PATH}/Podfile.lock",
				"${PODS_ROOT}/Manifest.lock",
			);
			name = "[CP] Check Pods Manifest.lock";
			outputFileListPaths = (
			);
			outputPaths = (
				"$(DERIVED_FILE_DIR)/Pods-NasaImageBrowser-checkManifestLockResult.txt",
			);
			runOnlyForDeploymentPostprocessing = 0;
			shellPath = /bin/sh;
			shellScript = "diff \"${PODS_PODFILE_DIR_PATH}/Podfile.lock\" \"${PODS_ROOT}/Manifest.lock\" > /dev/null\nif [ $? != 0 ] ; then\n    # print error to STDERR\n    echo \"error: The sandbox is not in sync with the Podfile.lock. Run 'pod install' or update your CocoaPods installation.\" >&2\n    exit 1\nfi\n# This output is used by Xcode 'outputs' to avoid re-running this script phase.\necho \"SUCCESS\" > \"${SCRIPT_OUTPUT_FILE_0}\"\n";
			showEnvVarsInLog = 0;
		};
		4A7939B0DC32AA5D473DBE45 /* [CP] Check Pods Manifest.lock */ = {
			isa = PBXShellScriptBuildPhase;
			buildActionMask = 2147483647;
			files = (
			);
			inputFileListPaths = (
			);
			inputPaths = (
				"${PODS_PODFILE_DIR_PATH}/Podfile.lock",
				"${PODS_ROOT}/Manifest.lock",
			);
			name = "[CP] Check Pods Manifest.lock";
			outputFileListPaths = (
			);
			outputPaths = (
				"$(DERIVED_FILE_DIR)/Pods-NasaImageBrowserTests-checkManifestLockResult.txt",
			);
			runOnlyForDeploymentPostprocessing = 0;
			shellPath = /bin/sh;
			shellScript = "diff \"${PODS_PODFILE_DIR_PATH}/Podfile.lock\" \"${PODS_ROOT}/Manifest.lock\" > /dev/null\nif [ $? != 0 ] ; then\n    # print error to STDERR\n    echo \"error: The sandbox is not in sync with the Podfile.lock. Run 'pod install' or update your CocoaPods installation.\" >&2\n    exit 1\nfi\n# This output is used by Xcode 'outputs' to avoid re-running this script phase.\necho \"SUCCESS\" > \"${SCRIPT_OUTPUT_FILE_0}\"\n";
			showEnvVarsInLog = 0;
		};
/* End PBXShellScriptBuildPhase section */

/* Begin PBXSourcesBuildPhase section */
		03CF35242364CB2D00618A54 /* Sources */ = {
			isa = PBXSourcesBuildPhase;
			buildActionMask = 2147483647;
			files = (
				03CF354E2364CB4D00618A54 /* NasaMediaService.swift in Sources */,
				039141482367DE4100CA399D /* NasaMediaTableViewCell.swift in Sources */,
				03CF35502364CD5600618A54 /* NasaMediaCollection.swift in Sources */,
				03914154236D5B0400CA399D /* StandardErrorView.swift in Sources */,
				03CF35302364CB2D00618A54 /* ViewController.swift in Sources */,
				03914157236D5B0400CA399D /* LoadingView.swift in Sources */,
				03CF352C2364CB2D00618A54 /* AppDelegate.swift in Sources */,
				03CF352E2364CB2D00618A54 /* SceneDelegate.swift in Sources */,
				03914158236D5B0400CA399D /* StandardLoadingView.swift in Sources */,
				03914159236D5B0400CA399D /* StandardEmptyView.swift in Sources */,
			);
			runOnlyForDeploymentPostprocessing = 0;
		};
		03CF353A2364CB2F00618A54 /* Sources */ = {
			isa = PBXSourcesBuildPhase;
			buildActionMask = 2147483647;
			files = (
				03CF35432364CB2F00618A54 /* NasaImageBrowserTests.swift in Sources */,
			);
			runOnlyForDeploymentPostprocessing = 0;
		};
/* End PBXSourcesBuildPhase section */

/* Begin PBXTargetDependency section */
		03CF35402364CB2F00618A54 /* PBXTargetDependency */ = {
			isa = PBXTargetDependency;
			target = 03CF35272364CB2D00618A54 /* NasaImageBrowser */;
			targetProxy = 03CF353F2364CB2F00618A54 /* PBXContainerItemProxy */;
		};
/* End PBXTargetDependency section */

/* Begin PBXVariantGroup section */
		03CF35312364CB2D00618A54 /* Main.storyboard */ = {
			isa = PBXVariantGroup;
			children = (
				03CF35322364CB2D00618A54 /* Base */,
			);
			name = Main.storyboard;
			sourceTree = "<group>";
		};
		03CF35362364CB2F00618A54 /* LaunchScreen.storyboard */ = {
			isa = PBXVariantGroup;
			children = (
				03CF35372364CB2F00618A54 /* Base */,
			);
			name = LaunchScreen.storyboard;
			sourceTree = "<group>";
		};
/* End PBXVariantGroup section */

/* Begin XCBuildConfiguration section */
		03CF35452364CB2F00618A54 /* Debug */ = {
			isa = XCBuildConfiguration;
			buildSettings = {
				ALWAYS_SEARCH_USER_PATHS = NO;
				CLANG_ANALYZER_NONNULL = YES;
				CLANG_ANALYZER_NUMBER_OBJECT_CONVERSION = YES_AGGRESSIVE;
				CLANG_CXX_LANGUAGE_STANDARD = "gnu++14";
				CLANG_CXX_LIBRARY = "libc++";
				CLANG_ENABLE_MODULES = YES;
				CLANG_ENABLE_OBJC_ARC = YES;
				CLANG_ENABLE_OBJC_WEAK = YES;
				CLANG_WARN_BLOCK_CAPTURE_AUTORELEASING = YES;
				CLANG_WARN_BOOL_CONVERSION = YES;
				CLANG_WARN_COMMA = YES;
				CLANG_WARN_CONSTANT_CONVERSION = YES;
				CLANG_WARN_DEPRECATED_OBJC_IMPLEMENTATIONS = YES;
				CLANG_WARN_DIRECT_OBJC_ISA_USAGE = YES_ERROR;
				CLANG_WARN_DOCUMENTATION_COMMENTS = YES;
				CLANG_WARN_EMPTY_BODY = YES;
				CLANG_WARN_ENUM_CONVERSION = YES;
				CLANG_WARN_INFINITE_RECURSION = YES;
				CLANG_WARN_INT_CONVERSION = YES;
				CLANG_WARN_NON_LITERAL_NULL_CONVERSION = YES;
				CLANG_WARN_OBJC_IMPLICIT_RETAIN_SELF = YES;
				CLANG_WARN_OBJC_LITERAL_CONVERSION = YES;
				CLANG_WARN_OBJC_ROOT_CLASS = YES_ERROR;
				CLANG_WARN_RANGE_LOOP_ANALYSIS = YES;
				CLANG_WARN_STRICT_PROTOTYPES = YES;
				CLANG_WARN_SUSPICIOUS_MOVE = YES;
				CLANG_WARN_UNGUARDED_AVAILABILITY = YES_AGGRESSIVE;
				CLANG_WARN_UNREACHABLE_CODE = YES;
				CLANG_WARN__DUPLICATE_METHOD_MATCH = YES;
				COPY_PHASE_STRIP = NO;
				DEBUG_INFORMATION_FORMAT = dwarf;
				ENABLE_STRICT_OBJC_MSGSEND = YES;
				ENABLE_TESTABILITY = YES;
				GCC_C_LANGUAGE_STANDARD = gnu11;
				GCC_DYNAMIC_NO_PIC = NO;
				GCC_NO_COMMON_BLOCKS = YES;
				GCC_OPTIMIZATION_LEVEL = 0;
				GCC_PREPROCESSOR_DEFINITIONS = (
					"DEBUG=1",
					"$(inherited)",
				);
				GCC_WARN_64_TO_32_BIT_CONVERSION = YES;
				GCC_WARN_ABOUT_RETURN_TYPE = YES_ERROR;
				GCC_WARN_UNDECLARED_SELECTOR = YES;
				GCC_WARN_UNINITIALIZED_AUTOS = YES_AGGRESSIVE;
				GCC_WARN_UNUSED_FUNCTION = YES;
				GCC_WARN_UNUSED_VARIABLE = YES;
				IPHONEOS_DEPLOYMENT_TARGET = 13.2;
				MTL_ENABLE_DEBUG_INFO = INCLUDE_SOURCE;
				MTL_FAST_MATH = YES;
				ONLY_ACTIVE_ARCH = YES;
				SDKROOT = iphoneos;
				SWIFT_ACTIVE_COMPILATION_CONDITIONS = DEBUG;
				SWIFT_OPTIMIZATION_LEVEL = "-Onone";
			};
			name = Debug;
		};
		03CF35462364CB2F00618A54 /* Release */ = {
			isa = XCBuildConfiguration;
			buildSettings = {
				ALWAYS_SEARCH_USER_PATHS = NO;
				CLANG_ANALYZER_NONNULL = YES;
				CLANG_ANALYZER_NUMBER_OBJECT_CONVERSION = YES_AGGRESSIVE;
				CLANG_CXX_LANGUAGE_STANDARD = "gnu++14";
				CLANG_CXX_LIBRARY = "libc++";
				CLANG_ENABLE_MODULES = YES;
				CLANG_ENABLE_OBJC_ARC = YES;
				CLANG_ENABLE_OBJC_WEAK = YES;
				CLANG_WARN_BLOCK_CAPTURE_AUTORELEASING = YES;
				CLANG_WARN_BOOL_CONVERSION = YES;
				CLANG_WARN_COMMA = YES;
				CLANG_WARN_CONSTANT_CONVERSION = YES;
				CLANG_WARN_DEPRECATED_OBJC_IMPLEMENTATIONS = YES;
				CLANG_WARN_DIRECT_OBJC_ISA_USAGE = YES_ERROR;
				CLANG_WARN_DOCUMENTATION_COMMENTS = YES;
				CLANG_WARN_EMPTY_BODY = YES;
				CLANG_WARN_ENUM_CONVERSION = YES;
				CLANG_WARN_INFINITE_RECURSION = YES;
				CLANG_WARN_INT_CONVERSION = YES;
				CLANG_WARN_NON_LITERAL_NULL_CONVERSION = YES;
				CLANG_WARN_OBJC_IMPLICIT_RETAIN_SELF = YES;
				CLANG_WARN_OBJC_LITERAL_CONVERSION = YES;
				CLANG_WARN_OBJC_ROOT_CLASS = YES_ERROR;
				CLANG_WARN_RANGE_LOOP_ANALYSIS = YES;
				CLANG_WARN_STRICT_PROTOTYPES = YES;
				CLANG_WARN_SUSPICIOUS_MOVE = YES;
				CLANG_WARN_UNGUARDED_AVAILABILITY = YES_AGGRESSIVE;
				CLANG_WARN_UNREACHABLE_CODE = YES;
				CLANG_WARN__DUPLICATE_METHOD_MATCH = YES;
				COPY_PHASE_STRIP = NO;
				DEBUG_INFORMATION_FORMAT = "dwarf-with-dsym";
				ENABLE_NS_ASSERTIONS = NO;
				ENABLE_STRICT_OBJC_MSGSEND = YES;
				GCC_C_LANGUAGE_STANDARD = gnu11;
				GCC_NO_COMMON_BLOCKS = YES;
				GCC_WARN_64_TO_32_BIT_CONVERSION = YES;
				GCC_WARN_ABOUT_RETURN_TYPE = YES_ERROR;
				GCC_WARN_UNDECLARED_SELECTOR = YES;
				GCC_WARN_UNINITIALIZED_AUTOS = YES_AGGRESSIVE;
				GCC_WARN_UNUSED_FUNCTION = YES;
				GCC_WARN_UNUSED_VARIABLE = YES;
				IPHONEOS_DEPLOYMENT_TARGET = 13.2;
				MTL_ENABLE_DEBUG_INFO = NO;
				MTL_FAST_MATH = YES;
				SDKROOT = iphoneos;
				SWIFT_COMPILATION_MODE = wholemodule;
				SWIFT_OPTIMIZATION_LEVEL = "-O";
				VALIDATE_PRODUCT = YES;
			};
			name = Release;
		};
		03CF35482364CB2F00618A54 /* Debug */ = {
			isa = XCBuildConfiguration;
			baseConfigurationReference = E750447084A8F0F7913599C9 /* Pods-NasaImageBrowser.debug.xcconfig */;
			buildSettings = {
				ASSETCATALOG_COMPILER_APPICON_NAME = AppIcon;
				CODE_SIGN_STYLE = Automatic;
				DEVELOPMENT_TEAM = L4WMJSL77G;
				INFOPLIST_FILE = NasaImageBrowser/Info.plist;
				LD_RUNPATH_SEARCH_PATHS = (
					"$(inherited)",
					"@executable_path/Frameworks",
				);
				PRODUCT_BUNDLE_IDENTIFIER = josh.NasaImageBrowser;
				PRODUCT_NAME = "$(TARGET_NAME)";
				SWIFT_VERSION = 5.0;
				TARGETED_DEVICE_FAMILY = "1,2";
			};
			name = Debug;
		};
		03CF35492364CB2F00618A54 /* Release */ = {
			isa = XCBuildConfiguration;
			baseConfigurationReference = A11DA4B8F0FB5A91337B1AC4 /* Pods-NasaImageBrowser.release.xcconfig */;
			buildSettings = {
				ASSETCATALOG_COMPILER_APPICON_NAME = AppIcon;
				CODE_SIGN_STYLE = Automatic;
				DEVELOPMENT_TEAM = L4WMJSL77G;
				INFOPLIST_FILE = NasaImageBrowser/Info.plist;
				LD_RUNPATH_SEARCH_PATHS = (
					"$(inherited)",
					"@executable_path/Frameworks",
				);
				PRODUCT_BUNDLE_IDENTIFIER = josh.NasaImageBrowser;
				PRODUCT_NAME = "$(TARGET_NAME)";
				SWIFT_VERSION = 5.0;
				TARGETED_DEVICE_FAMILY = "1,2";
			};
			name = Release;
		};
		03CF354B2364CB2F00618A54 /* Debug */ = {
			isa = XCBuildConfiguration;
			baseConfigurationReference = E50F3F1FD45EBAF77F1D2338 /* Pods-NasaImageBrowserTests.debug.xcconfig */;
			buildSettings = {
				ALWAYS_EMBED_SWIFT_STANDARD_LIBRARIES = YES;
				BUNDLE_LOADER = "$(TEST_HOST)";
				CODE_SIGN_STYLE = Automatic;
				DEVELOPMENT_TEAM = L4WMJSL77G;
				INFOPLIST_FILE = NasaImageBrowserTests/Info.plist;
				IPHONEOS_DEPLOYMENT_TARGET = 13.2;
				LD_RUNPATH_SEARCH_PATHS = (
					"$(inherited)",
					"@executable_path/Frameworks",
					"@loader_path/Frameworks",
				);
				PRODUCT_BUNDLE_IDENTIFIER = josh.NasaImageBrowserTests;
				PRODUCT_NAME = "$(TARGET_NAME)";
				SWIFT_VERSION = 5.0;
				TARGETED_DEVICE_FAMILY = "1,2";
				TEST_HOST = "$(BUILT_PRODUCTS_DIR)/NasaImageBrowser.app/NasaImageBrowser";
			};
			name = Debug;
		};
		03CF354C2364CB2F00618A54 /* Release */ = {
			isa = XCBuildConfiguration;
			baseConfigurationReference = DCF3C48E63CC0915D000544A /* Pods-NasaImageBrowserTests.release.xcconfig */;
			buildSettings = {
				ALWAYS_EMBED_SWIFT_STANDARD_LIBRARIES = YES;
				BUNDLE_LOADER = "$(TEST_HOST)";
				CODE_SIGN_STYLE = Automatic;
				DEVELOPMENT_TEAM = L4WMJSL77G;
				INFOPLIST_FILE = NasaImageBrowserTests/Info.plist;
				IPHONEOS_DEPLOYMENT_TARGET = 13.2;
				LD_RUNPATH_SEARCH_PATHS = (
					"$(inherited)",
					"@executable_path/Frameworks",
					"@loader_path/Frameworks",
				);
				PRODUCT_BUNDLE_IDENTIFIER = josh.NasaImageBrowserTests;
				PRODUCT_NAME = "$(TARGET_NAME)";
				SWIFT_VERSION = 5.0;
				TARGETED_DEVICE_FAMILY = "1,2";
				TEST_HOST = "$(BUILT_PRODUCTS_DIR)/NasaImageBrowser.app/NasaImageBrowser";
			};
			name = Release;
		};
/* End XCBuildConfiguration section */

/* Begin XCConfigurationList section */
		03CF35232364CB2D00618A54 /* Build configuration list for PBXProject "NasaImageBrowser" */ = {
			isa = XCConfigurationList;
			buildConfigurations = (
				03CF35452364CB2F00618A54 /* Debug */,
				03CF35462364CB2F00618A54 /* Release */,
			);
			defaultConfigurationIsVisible = 0;
			defaultConfigurationName = Release;
		};
		03CF35472364CB2F00618A54 /* Build configuration list for PBXNativeTarget "NasaImageBrowser" */ = {
			isa = XCConfigurationList;
			buildConfigurations = (
				03CF35482364CB2F00618A54 /* Debug */,
				03CF35492364CB2F00618A54 /* Release */,
			);
			defaultConfigurationIsVisible = 0;
			defaultConfigurationName = Release;
		};
		03CF354A2364CB2F00618A54 /* Build configuration list for PBXNativeTarget "NasaImageBrowserTests" */ = {
			isa = XCConfigurationList;
			buildConfigurations = (
				03CF354B2364CB2F00618A54 /* Debug */,
				03CF354C2364CB2F00618A54 /* Release */,
			);
			defaultConfigurationIsVisible = 0;
			defaultConfigurationName = Release;
		};
/* End XCConfigurationList section */
	};
	rootObject = 03CF35202364CB2D00618A54 /* Project object */;
}
